
Microsoft Visual Studio Solution File, Format Version 12.00
# Visual Studio Version 17
VisualStudioVersion = 17.7.34031.279
MinimumVisualStudioVersion = 10.0.40219.1
Project("{9A19103F-16F7-4668-BE54-9A1E7A4F7556}") = "Tema3-FormularioStackPanel", "Tema3-FormularioStackPanel\Tema3-FormularioStackPanel.csproj", "{D98C6F95-C6C8-49AB-B3A0-2361FD34D3FF}"
EndProject
Project("{9A19103F-16F7-4668-BE54-9A1E7A4F7556}") = "tema3-equiposNba", "tema3-equiposNba\tema3-equiposNba.csproj", "{8D1414EF-12FF-4A48-98C1-CA2640201FCC}"
EndProject
Project("{FAE04EC0-301F-11D3-BF4B-00C04F79EFBC}") = "Tema3-mosaico", "Tema3-mosaico\Tema3-mosaico.csproj", "{332C6654-7B41-416F-B9E0-CCFF571BDECB}"
EndProject
Project("{FAE04EC0-301F-11D3-BF4B-00C04F79EFBC}") = "Tema3-VisorImagenes", "Tema3-VisorImagenes\Tema3-VisorImagenes.csproj", "{A65F1FBF-DFB4-4FB6-BE06-5AAD79B38262}"
EndProject
Project("{FAE04EC0-301F-11D3-BF4B-00C04F79EFBC}") = "Tema3-Calculadora", "Tema3-Calculadora\Tema3-Calculadora.csproj", "{83EB58C7-181B-4FE5-811E-477B438773A7}"
EndProject
Global
	GlobalSection(SolutionConfigurationPlatforms) = preSolution
		Debug|Any CPU = Debug|Any CPU
		Release|Any CPU = Release|Any CPU
	EndGlobalSection
	GlobalSection(ProjectConfigurationPlatforms) = postSolution
		{D98C6F95-C6C8-49AB-B3A0-2361FD34D3FF}.Debug|Any CPU.ActiveCfg = Debug|Any CPU
		{D98C6F95-C6C8-49AB-B3A0-2361FD34D3FF}.Debug|Any CPU.Build.0 = Debug|Any CPU
		{D98C6F95-C6C8-49AB-B3A0-2361FD34D3FF}.Release|Any CPU.ActiveCfg = Release|Any CPU
		{D98C6F95-C6C8-49AB-B3A0-2361FD34D3FF}.Release|Any CPU.Build.0 = Release|Any CPU
		{8D1414EF-12FF-4A48-98C1-CA2640201FCC}.Debug|Any CPU.ActiveCfg = Debug|Any CPU
		{8D1414EF-12FF-4A48-98C1-CA2640201FCC}.Debug|Any CPU.Build.0 = Debug|Any CPU
		{8D1414EF-12FF-4A48-98C1-CA2640201FCC}.Release|Any CPU.ActiveCfg = Release|Any CPU
		{8D1414EF-12FF-4A48-98C1-CA2640201FCC}.Release|Any CPU.Build.0 = Release|Any CPU
		{332C6654-7B41-416F-B9E0-CCFF571BDECB}.Debug|Any CPU.ActiveCfg = Debug|Any CPU
		{332C6654-7B41-416F-B9E0-CCFF571BDECB}.Debug|Any CPU.Build.0 = Debug|Any CPU
		{332C6654-7B41-416F-B9E0-CCFF571BDECB}.Release|Any CPU.ActiveCfg = Release|Any CPU
		{332C6654-7B41-416F-B9E0-CCFF571BDECB}.Release|Any CPU.Build.0 = Release|Any CPU
		{A65F1FBF-DFB4-4FB6-BE06-5AAD79B38262}.Debug|Any CPU.ActiveCfg = Debug|Any CPU
		{A65F1FBF-DFB4-4FB6-BE06-5AAD79B38262}.Debug|Any CPU.Build.0 = Debug|Any CPU
		{A65F1FBF-DFB4-4FB6-BE06-5AAD79B38262}.Release|Any CPU.ActiveCfg = Release|Any CPU
		{A65F1FBF-DFB4-4FB6-BE06-5AAD79B38262}.Release|Any CPU.Build.0 = Release|Any CPU
		{83EB58C7-181B-4FE5-811E-477B438773A7}.Debug|Any CPU.ActiveCfg = Debug|Any CPU
		{83EB58C7-181B-4FE5-811E-477B438773A7}.Debug|Any CPU.Build.0 = Debug|Any CPU
		{83EB58C7-181B-4FE5-811E-477B438773A7}.Release|Any CPU.ActiveCfg = Release|Any CPU
		{83EB58C7-181B-4FE5-811E-477B438773A7}.Release|Any CPU.Build.0 = Release|Any CPU
	EndGlobalSection
	GlobalSection(SolutionProperties) = preSolution
		HideSolutionNode = FALSE
	EndGlobalSection
	GlobalSection(ExtensibilityGlobals) = postSolution
		SolutionGuid = {56313488-1438-40EB-9245-F2C8ED7CCA6C}
	EndGlobalSection
EndGlobal
